
Microsoft Visual Studio Solution File, Format Version 12.00
# Visual Studio Version 17
VisualStudioVersion = 17.1.32104.313
MinimumVisualStudioVersion = 10.0.40219.1
Project("{FAE04EC0-301F-11D3-BF4B-00C04F79EFBC}") = "ProductApp.WebApplication", "ProductApp.WebApplication\ProductApp.WebApplication.csproj", "{337BB663-09D2-4B7E-85E2-4B300FC6F286}"
EndProject
Project("{FAE04EC0-301F-11D3-BF4B-00C04F79EFBC}") = "ProductApp.API", "ProductApp.API\ProductApp.API.csproj", "{DDC48035-E42D-46D6-879C-8932964B4539}"
EndProject
Project("{FAE04EC0-301F-11D3-BF4B-00C04F79EFBC}") = "ProductApp.IdentityProvider", "ProductApp.IdentityProvider\ProductApp.IdentityProvider.csproj", "{ECF22FBA-E7B7-4566-8875-3E3DC5D46537}"
EndProject
Project("{FAE04EC0-301F-11D3-BF4B-00C04F79EFBC}") = "ProductApp.ViewModel", "ProductApp.ViewModel\ProductApp.ViewModel.csproj", "{5348EB5D-7B8C-4DD8-91A6-ED88EB9A42D3}"
EndProject
Project("{FAE04EC0-301F-11D3-BF4B-00C04F79EFBC}") = "ProductApp.CredentialsTest", "ProductApp.CredentialsTest\ProductApp.CredentialsTest.csproj", "{A3F5ED4C-57E7-462E-9F57-1A7B95BEB631}"
EndProject
Global
	GlobalSection(SolutionConfigurationPlatforms) = preSolution
		Debug|Any CPU = Debug|Any CPU
		Release|Any CPU = Release|Any CPU
	EndGlobalSection
	GlobalSection(ProjectConfigurationPlatforms) = postSolution
		{337BB663-09D2-4B7E-85E2-4B300FC6F286}.Debug|Any CPU.ActiveCfg = Debug|Any CPU
		{337BB663-09D2-4B7E-85E2-4B300FC6F286}.Debug|Any CPU.Build.0 = Debug|Any CPU
		{337BB663-09D2-4B7E-85E2-4B300FC6F286}.Release|Any CPU.ActiveCfg = Release|Any CPU
		{337BB663-09D2-4B7E-85E2-4B300FC6F286}.Release|Any CPU.Build.0 = Release|Any CPU
		{DDC48035-E42D-46D6-879C-8932964B4539}.Debug|Any CPU.ActiveCfg = Debug|Any CPU
		{DDC48035-E42D-46D6-879C-8932964B4539}.Debug|Any CPU.Build.0 = Debug|Any CPU
		{DDC48035-E42D-46D6-879C-8932964B4539}.Release|Any CPU.ActiveCfg = Release|Any CPU
		{DDC48035-E42D-46D6-879C-8932964B4539}.Release|Any CPU.Build.0 = Release|Any CPU
		{ECF22FBA-E7B7-4566-8875-3E3DC5D46537}.Debug|Any CPU.ActiveCfg = Debug|Any CPU
		{ECF22FBA-E7B7-4566-8875-3E3DC5D46537}.Debug|Any CPU.Build.0 = Debug|Any CPU
		{ECF22FBA-E7B7-4566-8875-3E3DC5D46537}.Release|Any CPU.ActiveCfg = Release|Any CPU
		{ECF22FBA-E7B7-4566-8875-3E3DC5D46537}.Release|Any CPU.Build.0 = Release|Any CPU
		{5348EB5D-7B8C-4DD8-91A6-ED88EB9A42D3}.Debug|Any CPU.ActiveCfg = Debug|Any CPU
		{5348EB5D-7B8C-4DD8-91A6-ED88EB9A42D3}.Debug|Any CPU.Build.0 = Debug|Any CPU
		{5348EB5D-7B8C-4DD8-91A6-ED88EB9A42D3}.Release|Any CPU.ActiveCfg = Release|Any CPU
		{5348EB5D-7B8C-4DD8-91A6-ED88EB9A42D3}.Release|Any CPU.Build.0 = Release|Any CPU
		{A3F5ED4C-57E7-462E-9F57-1A7B95BEB631}.Debug|Any CPU.ActiveCfg = Debug|Any CPU
		{A3F5ED4C-57E7-462E-9F57-1A7B95BEB631}.Debug|Any CPU.Build.0 = Debug|Any CPU
		{A3F5ED4C-57E7-462E-9F57-1A7B95BEB631}.Release|Any CPU.ActiveCfg = Release|Any CPU
		{A3F5ED4C-57E7-462E-9F57-1A7B95BEB631}.Release|Any CPU.Build.0 = Release|Any CPU
	EndGlobalSection
	GlobalSection(SolutionProperties) = preSolution
		HideSolutionNode = FALSE
	EndGlobalSection
	GlobalSection(ExtensibilityGlobals) = postSolution
		SolutionGuid = {0CAFC6FE-C751-4761-9935-E3B7282DF8BD}
	EndGlobalSection
EndGlobal
